
Microsoft Visual Studio Solution File, Format Version 12.00
# Visual Studio Version 17
VisualStudioVersion = 17.9.34622.214
MinimumVisualStudioVersion = 10.0.40219.1
Project("{FAE04EC0-301F-11D3-BF4B-00C04F79EFBC}") = "Number Calculator", "Number Calculator\Number Calculator.csproj", "{BFA99F1F-3027-414C-BF7F-3F975CFEA436}"
EndProject
Global
	GlobalSection(SolutionConfigurationPlatforms) = preSolution
		Debug|Any CPU = Debug|Any CPU
		Release|Any CPU = Release|Any CPU
	EndGlobalSection
	GlobalSection(ProjectConfigurationPlatforms) = postSolution
		{BFA99F1F-3027-414C-BF7F-3F975CFEA436}.Debug|Any CPU.ActiveCfg = Debug|Any CPU
		{BFA99F1F-3027-414C-BF7F-3F975CFEA436}.Debug|Any CPU.Build.0 = Debug|Any CPU
		{BFA99F1F-3027-414C-BF7F-3F975CFEA436}.Release|Any CPU.ActiveCfg = Release|Any CPU
		{BFA99F1F-3027-414C-BF7F-3F975CFEA436}.Release|Any CPU.Build.0 = Release|Any CPU
	EndGlobalSection
	GlobalSection(SolutionProperties) = preSolution
		HideSolutionNode = FALSE
	EndGlobalSection
	GlobalSection(ExtensibilityGlobals) = postSolution
		SolutionGuid = {CE63EFF4-75A4-4DE9-A434-4C4F5C0B0FCE}
	EndGlobalSection
EndGlobal
